PODS:
  - Alamofire (5.4.0)
  - Cosmos (23.0.0)
  - GoogleMaps (3.1.0):
    - GoogleMaps/Maps (= 3.1.0)
  - GoogleMaps/Base (3.1.0)
  - GoogleMaps/Maps (3.1.0):
    - GoogleMaps/Base
  - GooglePlacePicker (3.1.0):
    - GoogleMaps (= 3.1.0)
    - GooglePlaces (= 3.1.0)
  - GooglePlaces (3.1.0):
    - GoogleMaps/Base (= 3.1.0)
  - IQKeyboardManagerSwift (6.5.6)
  - NVActivityIndicatorView (5.1.0):
    - NVActivityIndicatorView/Base (= 5.1.0)
  - NVActivityIndicatorView/Base (5.1.0)
  - SDWebImage (5.9.2):
    - SDWebImage/Core (= 5.9.2)
  - SDWebImage/Core (5.9.2)
  - SwiftyJSON (5.0.0)

DEPENDENCIES:
  - Alamofire
  - Cosmos
  - GoogleMaps
  - GooglePlacePicker
  - GooglePlaces
  - IQKeyboardManagerSwift
  - NVActivityIndicatorView
  - SDWebImage
  - SwiftyJSON

SPEC REPOS:
  trunk:
    - Alamofire
    - Cosmos
    - GoogleMaps
    - GooglePlacePicker
    - GooglePlaces
    - IQKeyboardManagerSwift
    - NVActivityIndicatorView
    - SDWebImage
    - SwiftyJSON

SPEC CHECKSUMS:
  Alamofire: 3b6a534a3df22db367e4dedeeca73d1ddfcf0e2f
  Cosmos: b5c6a9a637e28a061b54c8f8b1d8529d7d4db73f
  GoogleMaps: 5c13302e6fe6bb6e686b267196586b91cd594225
  GooglePlacePicker: fa975116ac202ac29822c0a79758ea1c4db5a95f
  GooglePlaces: e874db179f2675c4f3eeda0b686b540273a578b0
  IQKeyboardManagerSwift: c7df9d2deb356c04522f5c4b7b6e4ce4d8ed94fe
  NVActivityIndicatorView: 09e48a157e6fc8369636477f9c9aa2f6090993c3
  SDWebImage: 0b42b8719ab0c5257177d5894306e8a336b21cbb
  SwiftyJSON: 36413e04c44ee145039d332b4f4e2d3e8d6c4db7

PODFILE CHECKSUM: 6d22f242ebd8a7b54929ffd15223b12f6d4222b4

COCOAPODS: 1.9.3
